// !$*UTF8*$!
{
	archiveVersion = 1;
	classes = {
	};
	objectVersion = 46;
	objects = {

/* Begin PBXBuildFile section */
		5A35D4751C47B25600200076 /* AppDelegate.swift in Sources */ = {isa = PBXBuildFile; fileRef = 5A35D4741C47B25600200076 /* AppDelegate.swift */; };
		5A35D4771C47B25600200076 /* ViewController.swift in Sources */ = {isa = PBXBuildFile; fileRef = 5A35D4761C47B25600200076 /* ViewController.swift */; };
		5A35D47A1C47B25600200076 /* Main.storyboard in Resources */ = {isa = PBXBuildFile; fileRef = 5A35D4781C47B25600200076 /* Main.storyboard */; };
		5A35D47C1C47B25600200076 /* Assets.xcassets in Resources */ = {isa = PBXBuildFile; fileRef = 5A35D47B1C47B25600200076 /* Assets.xcassets */; };
		5A35D47F1C47B25600200076 /* LaunchScreen.storyboard in Resources */ = {isa = PBXBuildFile; fileRef = 5A35D47D1C47B25600200076 /* LaunchScreen.storyboard */; };
		5A35D4AA1C47B27400200076 /* luguhu.jpeg in Resources */ = {isa = PBXBuildFile; fileRef = 5A35D4A31C47B27400200076 /* luguhu.jpeg */; };
		5A35D4AB1C47B27400200076 /* mebubble.png in Resources */ = {isa = PBXBuildFile; fileRef = 5A35D4A41C47B27400200076 /* mebubble.png */; };
		5A35D4AC1C47B27400200076 /* mebubble@2x.png in Resources */ = {isa = PBXBuildFile; fileRef = 5A35D4A51C47B27400200076 /* mebubble@2x.png */; };
		5A35D4AD1C47B27400200076 /* xiaohua.png in Resources */ = {isa = PBXBuildFile; fileRef = 5A35D4A61C47B27400200076 /* xiaohua.png */; };
		5A35D4AE1C47B27400200076 /* xiaoming.png in Resources */ = {isa = PBXBuildFile; fileRef = 5A35D4A71C47B27400200076 /* xiaoming.png */; };
		5A35D4AF1C47B27400200076 /* yoububble.png in Resources */ = {isa = PBXBuildFile; fileRef = 5A35D4A81C47B27400200076 /* yoububble.png */; };
		5A35D4B01C47B27400200076 /* yoububble@2x.png in Resources */ = {isa = PBXBuildFile; fileRef = 5A35D4A91C47B27400200076 /* yoububble@2x.png */; };
		5A35D4B41C47B29400200076 /* TableView.swift in Sources */ = {isa = PBXBuildFile; fileRef = 5A35D4B21C47B29400200076 /* TableView.swift */; };
		5A35D4B51C47B29400200076 /* TableViewCell.swift in Sources */ = {isa = PBXBuildFile; fileRef = 5A35D4B31C47B29400200076 /* TableViewCell.swift */; };
		5A35D4B91C47B2BD00200076 /* ChatDataSource.swift in Sources */ = {isa = PBXBuildFile; fileRef = 5A35D4B71C47B2BD00200076 /* ChatDataSource.swift */; };
		5A35D4BA1C47B2BD00200076 /* MessageItem.swift in Sources */ = {isa = PBXBuildFile; fileRef = 5A35D4B81C47B2BD00200076 /* MessageItem.swift */; };
		5A35D4BC1C47B2F000200076 /* TableHeaderViewCell.swift in Sources */ = {isa = PBXBuildFile; fileRef = 5A35D4BB1C47B2F000200076 /* TableHeaderViewCell.swift */; };
		5A35D4BE1C47B30100200076 /* UserInfo.swift in Sources */ = {isa = PBXBuildFile; fileRef = 5A35D4BD1C47B30100200076 /* UserInfo.swift */; };
		7F2DCC861D26B92B00CD99EE /* add2.png in Resources */ = {isa = PBXBuildFile; fileRef = 7F2DCC851D26B92B00CD99EE /* add2.png */; };
		7F2DCC8C1D26BAE200CD99EE /* add3.png in Resources */ = {isa = PBXBuildFile; fileRef = 7F2DCC8B1D26BAE200CD99EE /* add3.png */; };
		7F2DCC8E1D26BC1300CD99EE /* mirco2.png in Resources */ = {isa = PBXBuildFile; fileRef = 7F2DCC8D1D26BC1300CD99EE /* mirco2.png */; };
		7F2DCC901D26BF5E00CD99EE /* mirco4.png in Resources */ = {isa = PBXBuildFile; fileRef = 7F2DCC8F1D26BF5E00CD99EE /* mirco4.png */; };
		7F2DCC921D26C4B400CD99EE /* miro5.png in Resources */ = {isa = PBXBuildFile; fileRef = 7F2DCC911D26C4B400CD99EE /* miro5.png */; };
		7F3086B61D273C0700BB67DA /* rainbow.png in Resources */ = {isa = PBXBuildFile; fileRef = 7F3086B51D273C0700BB67DA /* rainbow.png */; };
		7F3086B81D273DC400BB67DA /* femail.png in Resources */ = {isa = PBXBuildFile; fileRef = 7F3086B71D273DC400BB67DA /* femail.png */; };
		7F3086BA1D27460E00BB67DA /* keyword.png in Resources */ = {isa = PBXBuildFile; fileRef = 7F3086B91D27460E00BB67DA /* keyword.png */; };
		7F3086BC1D27473600BB67DA /* micro6.png in Resources */ = {isa = PBXBuildFile; fileRef = 7F3086BB1D27473600BB67DA /* micro6.png */; };
		7F3086BE1D2747CB00BB67DA /* keyboard2.png in Resources */ = {isa = PBXBuildFile; fileRef = 7F3086BD1D2747CB00BB67DA /* keyboard2.png */; };
		7F3086C01D274A3300BB67DA /* cross24.png in Resources */ = {isa = PBXBuildFile; fileRef = 7F3086BF1D274A3300BB67DA /* cross24.png */; };
		7F3086C21D274A5F00BB67DA /* microp7.png in Resources */ = {isa = PBXBuildFile; fileRef = 7F3086C11D274A5F00BB67DA /* microp7.png */; };
		7F3086C41D27BDC500BB67DA /* b5.png in Resources */ = {isa = PBXBuildFile; fileRef = 7F3086C31D27BDC500BB67DA /* b5.png */; };
		7F3086C61D27BE8D00BB67DA /* bb2.png in Resources */ = {isa = PBXBuildFile; fileRef = 7F3086C51D27BE8D00BB67DA /* bb2.png */; };
		7F3086C81D27E8A700BB67DA /* SwiftNotice.swift in Sources */ = {isa = PBXBuildFile; fileRef = 7F3086C71D27E8A700BB67DA /* SwiftNotice.swift */; };
		7F4007011D266331001C95DC /* message_left.png in Resources */ = {isa = PBXBuildFile; fileRef = 7F4007001D266331001C95DC /* message_left.png */; };
		7F4007031D26633F001C95DC /* message_right.png in Resources */ = {isa = PBXBuildFile; fileRef = 7F4007021D26633F001C95DC /* message_right.png */; };
		7F4CD8371D28EF56009A8E02 /* coverage.png in Resources */ = {isa = PBXBuildFile; fileRef = 7F4CD8361D28EF56009A8E02 /* coverage.png */; };
		7F4CD8391D29453D009A8E02 /* red.png in Resources */ = {isa = PBXBuildFile; fileRef = 7F4CD8381D29453D009A8E02 /* red.png */; };
		7F4CD83B1D294545009A8E02 /* yellow.png in Resources */ = {isa = PBXBuildFile; fileRef = 7F4CD83A1D294545009A8E02 /* yellow.png */; };
		7F4CD8401D294745009A8E02 /* gallery1.png in Resources */ = {isa = PBXBuildFile; fileRef = 7F4CD83C1D294745009A8E02 /* gallery1.png */; };
		7F4CD8411D294745009A8E02 /* gallery.png in Resources */ = {isa = PBXBuildFile; fileRef = 7F4CD83D1D294745009A8E02 /* gallery.png */; };
		7F4CD8421D294745009A8E02 /* camera1.png in Resources */ = {isa = PBXBuildFile; fileRef = 7F4CD83E1D294745009A8E02 /* camera1.png */; };
		7F4CD8431D294745009A8E02 /* camera.png in Resources */ = {isa = PBXBuildFile; fileRef = 7F4CD83F1D294745009A8E02 /* camera.png */; };
		7F4CD8451D294B88009A8E02 /* camera3.png in Resources */ = {isa = PBXBuildFile; fileRef = 7F4CD8441D294B88009A8E02 /* camera3.png */; };
		7F4CD8471D294E25009A8E02 /* green.png in Resources */ = {isa = PBXBuildFile; fileRef = 7F4CD8461D294E25009A8E02 /* green.png */; };
		7F5F7C801D2DF4B6005FE5E8 /* add.png in Resources */ = {isa = PBXBuildFile; fileRef = 7F5F7C7F1D2DF4B6005FE5E8 /* add.png */; };
		7F7226641D2B4AA2007CDD2C /* watson3.jpg in Resources */ = {isa = PBXBuildFile; fileRef = 7F7226631D2B4AA2007CDD2C /* watson3.jpg */; };
		7F7226661D2B5988007CDD2C /* Watson4.jpg in Resources */ = {isa = PBXBuildFile; fileRef = 7F7226651D2B5988007CDD2C /* Watson4.jpg */; };
		7F7226681D2B5BC2007CDD2C /* watson5.jpg in Resources */ = {isa = PBXBuildFile; fileRef = 7F7226671D2B5BC2007CDD2C /* watson5.jpg */; };
		7F72266A1D2B7BCE007CDD2C /* watson7.jpg in Resources */ = {isa = PBXBuildFile; fileRef = 7F7226691D2B7BCE007CDD2C /* watson7.jpg */; };
		7F72266C1D2B82B6007CDD2C /* watson8.png in Resources */ = {isa = PBXBuildFile; fileRef = 7F72266B1D2B82B6007CDD2C /* watson8.png */; };
		7F72266E1D2B858A007CDD2C /* watson9.jpg in Resources */ = {isa = PBXBuildFile; fileRef = 7F72266D1D2B858A007CDD2C /* watson9.jpg */; };
		7F7226711D2B879D007CDD2C /* watson10.jpg in Resources */ = {isa = PBXBuildFile; fileRef = 7F72266F1D2B879D007CDD2C /* watson10.jpg */; };
		7F7226721D2B879D007CDD2C /* watson11.png in Resources */ = {isa = PBXBuildFile; fileRef = 7F7226701D2B879D007CDD2C /* watson11.png */; };
		7F7226741D2B884D007CDD2C /* more16.png in Resources */ = {isa = PBXBuildFile; fileRef = 7F7226731D2B884D007CDD2C /* more16.png */; };
		7F7226761D2B8920007CDD2C /* wifi75.png in Resources */ = {isa = PBXBuildFile; fileRef = 7F7226751D2B8920007CDD2C /* wifi75.png */; };
		7F7226781D2B8E46007CDD2C /* micro20.png in Resources */ = {isa = PBXBuildFile; fileRef = 7F7226771D2B8E46007CDD2C /* micro20.png */; };
		7F72267A1D2B8E7E007CDD2C /* micro21.png in Resources */ = {isa = PBXBuildFile; fileRef = 7F7226791D2B8E7E007CDD2C /* micro21.png */; };
		7F72267C1D2B8F06007CDD2C /* text129.png in Resources */ = {isa = PBXBuildFile; fileRef = 7F72267B1D2B8F06007CDD2C /* text129.png */; };
		7F72267E1D2B969D007CDD2C /* edit.png in Resources */ = {isa = PBXBuildFile; fileRef = 7F72267D1D2B969D007CDD2C /* edit.png */; };
		7F7226801D2B980F007CDD2C /* pictures.png in Resources */ = {isa = PBXBuildFile; fileRef = 7F72267F1D2B980F007CDD2C /* pictures.png */; };
		7F7226821D2B98D1007CDD2C /* photo189.png in Resources */ = {isa = PBXBuildFile; fileRef = 7F7226811D2B98D1007CDD2C /* photo189.png */; };
		7F87E0241D23BFDF00164F01 /* add1.png in Resources */ = {isa = PBXBuildFile; fileRef = 7F87E0231D23BFDF00164F01 /* add1.png */; };
		7F87E0261D23C30600164F01 /* mirco.png in Resources */ = {isa = PBXBuildFile; fileRef = 7F87E0251D23C30600164F01 /* mirco.png */; };
		7F87E0281D23DCED00164F01 /* earth.png in Resources */ = {isa = PBXBuildFile; fileRef = 7F87E0271D23DCED00164F01 /* earth.png */; };
		7FD9CDF71D2A9AAF006D3CD2 /* watsonlogo.jpeg in Resources */ = {isa = PBXBuildFile; fileRef = 7FD9CDF61D2A9AAF006D3CD2 /* watsonlogo.jpeg */; };
		7FD9CDF91D2AA740006D3CD2 /* watson1.jpg in Resources */ = {isa = PBXBuildFile; fileRef = 7FD9CDF81D2AA740006D3CD2 /* watson1.jpg */; };
		7FEDB5B81D2C9C100039544E /* TableViewGoodsCell.swift in Sources */ = {isa = PBXBuildFile; fileRef = 7FEDB5B71D2C9C100039544E /* TableViewGoodsCell.swift */; };
		7FEDB7B51D2CEC2D0039544E /* EZAudio.m in Sources */ = {isa = PBXBuildFile; fileRef = 7FEDB7931D2CEC2D0039544E /* EZAudio.m */; };
		7FEDB7B61D2CEC2D0039544E /* EZAudioDevice.m in Sources */ = {isa = PBXBuildFile; fileRef = 7FEDB7951D2CEC2D0039544E /* EZAudioDevice.m */; };
		7FEDB7B71D2CEC2D0039544E /* EZAudioDisplayLink.m in Sources */ = {isa = PBXBuildFile; fileRef = 7FEDB7971D2CEC2D0039544E /* EZAudioDisplayLink.m */; };
		7FEDB7B81D2CEC2D0039544E /* EZAudioFFT.m in Sources */ = {isa = PBXBuildFile; fileRef = 7FEDB7991D2CEC2D0039544E /* EZAudioFFT.m */; };
		7FEDB7B91D2CEC2D0039544E /* EZAudioFile.m in Sources */ = {isa = PBXBuildFile; fileRef = 7FEDB79B1D2CEC2D0039544E /* EZAudioFile.m */; };
		7FEDB7BA1D2CEC2D0039544E /* EZAudioFloatConverter.m in Sources */ = {isa = PBXBuildFile; fileRef = 7FEDB79D1D2CEC2D0039544E /* EZAudioFloatConverter.m */; };
		7FEDB7BB1D2CEC2D0039544E /* EZAudioFloatData.m in Sources */ = {isa = PBXBuildFile; fileRef = 7FEDB79F1D2CEC2D0039544E /* EZAudioFloatData.m */; };
		7FEDB7BC1D2CEC2D0039544E /* EZAudioPlayer.m in Sources */ = {isa = PBXBuildFile; fileRef = 7FEDB7A31D2CEC2D0039544E /* EZAudioPlayer.m */; };
		7FEDB7BD1D2CEC2D0039544E /* EZAudioPlot.m in Sources */ = {isa = PBXBuildFile; fileRef = 7FEDB7A51D2CEC2D0039544E /* EZAudioPlot.m */; };
		7FEDB7BE1D2CEC2D0039544E /* EZAudioPlotGL.m in Sources */ = {isa = PBXBuildFile; fileRef = 7FEDB7A71D2CEC2D0039544E /* EZAudioPlotGL.m */; };
		7FEDB7BF1D2CEC2D0039544E /* EZAudioUtilities.m in Sources */ = {isa = PBXBuildFile; fileRef = 7FEDB7A91D2CEC2D0039544E /* EZAudioUtilities.m */; };
		7FEDB7C01D2CEC2D0039544E /* EZMicrophone.m in Sources */ = {isa = PBXBuildFile; fileRef = 7FEDB7AB1D2CEC2D0039544E /* EZMicrophone.m */; };
		7FEDB7C11D2CEC2D0039544E /* EZOutput.m in Sources */ = {isa = PBXBuildFile; fileRef = 7FEDB7AD1D2CEC2D0039544E /* EZOutput.m */; };
		7FEDB7C21D2CEC2D0039544E /* EZPlot.m in Sources */ = {isa = PBXBuildFile; fileRef = 7FEDB7AF1D2CEC2D0039544E /* EZPlot.m */; };
		7FEDB7C31D2CEC2D0039544E /* EZRecorder.m in Sources */ = {isa = PBXBuildFile; fileRef = 7FEDB7B11D2CEC2D0039544E /* EZRecorder.m */; };
		7FEDB7C51D2CEC2D0039544E /* TPCircularBuffer.c in Sources */ = {isa = PBXBuildFile; fileRef = 7FEDB7B31D2CEC2D0039544E /* TPCircularBuffer.c */; };
/* End PBXBuildFile section */

/* Begin PBXContainerItemProxy section */
		5A35D4861C47B25600200076 /* PBXContainerItemProxy */ = {
			isa = PBXContainerItemProxy;
			containerPortal = 5A35D4691C47B25600200076 /* Project object */;
			proxyType = 1;
			remoteGlobalIDString = 5A35D4701C47B25600200076;
			remoteInfo = hangge_559_2;
		};
		5A35D4911C47B25600200076 /* PBXContainerItemProxy */ = {
			isa = PBXContainerItemProxy;
			containerPortal = 5A35D4691C47B25600200076 /* Project object */;
			proxyType = 1;
			remoteGlobalIDString = 5A35D4701C47B25600200076;
			remoteInfo = hangge_559_2;
		};
/* End PBXContainerItemProxy section */

/* Begin PBXFileReference section */
		5A35D4711C47B25600200076 /* WatsonMobileUI.app */ = {isa = PBXFileReference; explicitFileType = wrapper.application; includeInIndex = 0; path = WatsonMobileUI.app; sourceTree = BUILT_PRODUCTS_DIR; };
		5A35D4741C47B25600200076 /* AppDelegate.swift */ = {isa = PBXFileReference; lastKnownFileType = sourcecode.swift; path = AppDelegate.swift; sourceTree = "<group>"; };
		5A35D4761C47B25600200076 /* ViewController.swift */ = {isa = PBXFileReference; lastKnownFileType = sourcecode.swift; path = ViewController.swift; sourceTree = "<group>"; };
		5A35D4791C47B25600200076 /* Base */ = {isa = PBXFileReference; lastKnownFileType = file.storyboard; name = Base; path = Base.lproj/Main.storyboard; sourceTree = "<group>"; };
		5A35D47B1C47B25600200076 /* Assets.xcassets */ = {isa = PBXFileReference; lastKnownFileType = folder.assetcatalog; path = Assets.xcassets; sourceTree = "<group>"; };
		5A35D47E1C47B25600200076 /* Base */ = {isa = PBXFileReference; lastKnownFileType = file.storyboard; name = Base; path = Base.lproj/LaunchScreen.storyboard; sourceTree = "<group>"; };
		5A35D4801C47B25600200076 /* Info.plist */ = {isa = PBXFileReference; lastKnownFileType = text.plist.xml; path = Info.plist; sourceTree = "<group>"; };
		5A35D4851C47B25600200076 /* WatsonMobileUI.xctest */ = {isa = PBXFileReference; explicitFileType = wrapper.cfbundle; includeInIndex = 0; path = WatsonMobileUI.xctest; sourceTree = BUILT_PRODUCTS_DIR; };
		5A35D4901C47B25600200076 /* WatsonMobileUI.xctest */ = {isa = PBXFileReference; explicitFileType = wrapper.cfbundle; includeInIndex = 0; path = WatsonMobileUI.xctest; sourceTree = BUILT_PRODUCTS_DIR; };
		5A35D4A31C47B27400200076 /* luguhu.jpeg */ = {isa = PBXFileReference; lastKnownFileType = image.jpeg; path = luguhu.jpeg; sourceTree = "<group>"; };
		5A35D4A41C47B27400200076 /* mebubble.png */ = {isa = PBXFileReference; lastKnownFileType = image.png; path = mebubble.png; sourceTree = "<group>"; };
		5A35D4A51C47B27400200076 /* mebubble@2x.png */ = {isa = PBXFileReference; lastKnownFileType = image.png; path = "mebubble@2x.png"; sourceTree = "<group>"; };
		5A35D4A61C47B27400200076 /* xiaohua.png */ = {isa = PBXFileReference; lastKnownFileType = image.png; path = xiaohua.png; sourceTree = "<group>"; };
		5A35D4A71C47B27400200076 /* xiaoming.png */ = {isa = PBXFileReference; lastKnownFileType = image.png; path = xiaoming.png; sourceTree = "<group>"; };
		5A35D4A81C47B27400200076 /* yoububble.png */ = {isa = PBXFileReference; lastKnownFileType = image.png; path = yoububble.png; sourceTree = "<group>"; };
		5A35D4A91C47B27400200076 /* yoububble@2x.png */ = {isa = PBXFileReference; lastKnownFileType = image.png; path = "yoububble@2x.png"; sourceTree = "<group>"; };
		5A35D4B21C47B29400200076 /* TableView.swift */ = {isa = PBXFileReference; fileEncoding = 4; lastKnownFileType = sourcecode.swift; path = TableView.swift; sourceTree = "<group>"; };
		5A35D4B31C47B29400200076 /* TableViewCell.swift */ = {isa = PBXFileReference; fileEncoding = 4; lastKnownFileType = sourcecode.swift; path = TableViewCell.swift; sourceTree = "<group>"; };
		5A35D4B71C47B2BD00200076 /* ChatDataSource.swift */ = {isa = PBXFileReference; fileEncoding = 4; lastKnownFileType = sourcecode.swift; path = ChatDataSource.swift; sourceTree = "<group>"; };
		5A35D4B81C47B2BD00200076 /* MessageItem.swift */ = {isa = PBXFileReference; fileEncoding = 4; lastKnownFileType = sourcecode.swift; path = MessageItem.swift; sourceTree = "<group>"; };
		5A35D4BB1C47B2F000200076 /* TableHeaderViewCell.swift */ = {isa = PBXFileReference; fileEncoding = 4; lastKnownFileType = sourcecode.swift; path = TableHeaderViewCell.swift; sourceTree = "<group>"; };
		5A35D4BD1C47B30100200076 /* UserInfo.swift */ = {isa = PBXFileReference; fileEncoding = 4; lastKnownFileType = sourcecode.swift; path = UserInfo.swift; sourceTree = "<group>"; };
		7F2DCC851D26B92B00CD99EE /* add2.png */ = {isa = PBXFileReference; lastKnownFileType = image.png; path = add2.png; sourceTree = "<group>"; };
		7F2DCC8B1D26BAE200CD99EE /* add3.png */ = {isa = PBXFileReference; lastKnownFileType = image.png; path = add3.png; sourceTree = "<group>"; };
		7F2DCC8D1D26BC1300CD99EE /* mirco2.png */ = {isa = PBXFileReference; lastKnownFileType = image.png; path = mirco2.png; sourceTree = "<group>"; };
		7F2DCC8F1D26BF5E00CD99EE /* mirco4.png */ = {isa = PBXFileReference; lastKnownFileType = image.png; path = mirco4.png; sourceTree = "<group>"; };
		7F2DCC911D26C4B400CD99EE /* miro5.png */ = {isa = PBXFileReference; lastKnownFileType = image.png; path = miro5.png; sourceTree = "<group>"; };
		7F3086B51D273C0700BB67DA /* rainbow.png */ = {isa = PBXFileReference; lastKnownFileType = image.png; path = rainbow.png; sourceTree = "<group>"; };
		7F3086B71D273DC400BB67DA /* femail.png */ = {isa = PBXFileReference; lastKnownFileType = image.png; path = femail.png; sourceTree = "<group>"; };
		7F3086B91D27460E00BB67DA /* keyword.png */ = {isa = PBXFileReference; lastKnownFileType = image.png; path = keyword.png; sourceTree = "<group>"; };
		7F3086BB1D27473600BB67DA /* micro6.png */ = {isa = PBXFileReference; lastKnownFileType = image.png; path = micro6.png; sourceTree = "<group>"; };
		7F3086BD1D2747CB00BB67DA /* keyboard2.png */ = {isa = PBXFileReference; lastKnownFileType = image.png; path = keyboard2.png; sourceTree = "<group>"; };
		7F3086BF1D274A3300BB67DA /* cross24.png */ = {isa = PBXFileReference; lastKnownFileType = image.png; path = cross24.png; sourceTree = "<group>"; };
		7F3086C11D274A5F00BB67DA /* microp7.png */ = {isa = PBXFileReference; lastKnownFileType = image.png; path = microp7.png; sourceTree = "<group>"; };
		7F3086C31D27BDC500BB67DA /* b5.png */ = {isa = PBXFileReference; lastKnownFileType = image.png; path = b5.png; sourceTree = "<group>"; };
		7F3086C51D27BE8D00BB67DA /* bb2.png */ = {isa = PBXFileReference; lastKnownFileType = image.png; path = bb2.png; sourceTree = "<group>"; };
		7F3086C71D27E8A700BB67DA /* SwiftNotice.swift */ = {isa = PBXFileReference; fileEncoding = 4; lastKnownFileType = sourcecode.swift; path = SwiftNotice.swift; sourceTree = "<group>"; };
		7F4007001D266331001C95DC /* message_left.png */ = {isa = PBXFileReference; lastKnownFileType = image.png; path = message_left.png; sourceTree = "<group>"; };
		7F4007021D26633F001C95DC /* message_right.png */ = {isa = PBXFileReference; lastKnownFileType = image.png; path = message_right.png; sourceTree = "<group>"; };
		7F4CD8361D28EF56009A8E02 /* coverage.png */ = {isa = PBXFileReference; lastKnownFileType = image.png; path = coverage.png; sourceTree = "<group>"; };
		7F4CD8381D29453D009A8E02 /* red.png */ = {isa = PBXFileReference; lastKnownFileType = image.png; path = red.png; sourceTree = "<group>"; };
		7F4CD83A1D294545009A8E02 /* yellow.png */ = {isa = PBXFileReference; lastKnownFileType = image.png; path = yellow.png; sourceTree = "<group>"; };
		7F4CD83C1D294745009A8E02 /* gallery1.png */ = {isa = PBXFileReference; lastKnownFileType = image.png; path = gallery1.png; sourceTree = "<group>"; };
		7F4CD83D1D294745009A8E02 /* gallery.png */ = {isa = PBXFileReference; lastKnownFileType = image.png; path = gallery.png; sourceTree = "<group>"; };
		7F4CD83E1D294745009A8E02 /* camera1.png */ = {isa = PBXFileReference; lastKnownFileType = image.png; path = camera1.png; sourceTree = "<group>"; };
		7F4CD83F1D294745009A8E02 /* camera.png */ = {isa = PBXFileReference; lastKnownFileType = image.png; path = camera.png; sourceTree = "<group>"; };
		7F4CD8441D294B88009A8E02 /* camera3.png */ = {isa = PBXFileReference; lastKnownFileType = image.png; path = camera3.png; sourceTree = "<group>"; };
		7F4CD8461D294E25009A8E02 /* green.png */ = {isa = PBXFileReference; lastKnownFileType = image.png; path = green.png; sourceTree = "<group>"; };
		7F5F7C7F1D2DF4B6005FE5E8 /* add.png */ = {isa = PBXFileReference; lastKnownFileType = image.png; path = add.png; sourceTree = "<group>"; };
		7F7226631D2B4AA2007CDD2C /* watson3.jpg */ = {isa = PBXFileReference; lastKnownFileType = image.jpeg; path = watson3.jpg; sourceTree = "<group>"; };
		7F7226651D2B5988007CDD2C /* Watson4.jpg */ = {isa = PBXFileReference; lastKnownFileType = image.jpeg; path = Watson4.jpg; sourceTree = "<group>"; };
		7F7226671D2B5BC2007CDD2C /* watson5.jpg */ = {isa = PBXFileReference; lastKnownFileType = image.jpeg; path = watson5.jpg; sourceTree = "<group>"; };
		7F7226691D2B7BCE007CDD2C /* watson7.jpg */ = {isa = PBXFileReference; lastKnownFileType = image.jpeg; path = watson7.jpg; sourceTree = "<group>"; };
		7F72266B1D2B82B6007CDD2C /* watson8.png */ = {isa = PBXFileReference; lastKnownFileType = image.png; path = watson8.png; sourceTree = "<group>"; };
		7F72266D1D2B858A007CDD2C /* watson9.jpg */ = {isa = PBXFileReference; lastKnownFileType = image.jpeg; path = watson9.jpg; sourceTree = "<group>"; };
		7F72266F1D2B879D007CDD2C /* watson10.jpg */ = {isa = PBXFileReference; lastKnownFileType = image.jpeg; path = watson10.jpg; sourceTree = "<group>"; };
		7F7226701D2B879D007CDD2C /* watson11.png */ = {isa = PBXFileReference; lastKnownFileType = image.png; path = watson11.png; sourceTree = "<group>"; };
		7F7226731D2B884D007CDD2C /* more16.png */ = {isa = PBXFileReference; lastKnownFileType = image.png; path = more16.png; sourceTree = "<group>"; };
		7F7226751D2B8920007CDD2C /* wifi75.png */ = {isa = PBXFileReference; lastKnownFileType = image.png; path = wifi75.png; sourceTree = "<group>"; };
		7F7226771D2B8E46007CDD2C /* micro20.png */ = {isa = PBXFileReference; lastKnownFileType = image.png; path = micro20.png; sourceTree = "<group>"; };
		7F7226791D2B8E7E007CDD2C /* micro21.png */ = {isa = PBXFileReference; lastKnownFileType = image.png; path = micro21.png; sourceTree = "<group>"; };
		7F72267B1D2B8F06007CDD2C /* text129.png */ = {isa = PBXFileReference; lastKnownFileType = image.png; path = text129.png; sourceTree = "<group>"; };
		7F72267D1D2B969D007CDD2C /* edit.png */ = {isa = PBXFileReference; lastKnownFileType = image.png; path = edit.png; sourceTree = "<group>"; };
		7F72267F1D2B980F007CDD2C /* pictures.png */ = {isa = PBXFileReference; lastKnownFileType = image.png; path = pictures.png; sourceTree = "<group>"; };
		7F7226811D2B98D1007CDD2C /* photo189.png */ = {isa = PBXFileReference; lastKnownFileType = image.png; path = photo189.png; sourceTree = "<group>"; };
		7F87E0231D23BFDF00164F01 /* add1.png */ = {isa = PBXFileReference; lastKnownFileType = image.png; path = add1.png; sourceTree = "<group>"; };
		7F87E0251D23C30600164F01 /* mirco.png */ = {isa = PBXFileReference; lastKnownFileType = image.png; path = mirco.png; sourceTree = "<group>"; };
		7F87E0271D23DCED00164F01 /* earth.png */ = {isa = PBXFileReference; lastKnownFileType = image.png; path = earth.png; sourceTree = "<group>"; };
		7FD9CDF61D2A9AAF006D3CD2 /* watsonlogo.jpeg */ = {isa = PBXFileReference; lastKnownFileType = image.jpeg; path = watsonlogo.jpeg; sourceTree = "<group>"; };
		7FD9CDF81D2AA740006D3CD2 /* watson1.jpg */ = {isa = PBXFileReference; lastKnownFileType = image.jpeg; path = watson1.jpg; sourceTree = "<group>"; };
		7FEDB5B71D2C9C100039544E /* TableViewGoodsCell.swift */ = {isa = PBXFileReference; fileEncoding = 4; lastKnownFileType = sourcecode.swift; path = TableViewGoodsCell.swift; sourceTree = "<group>"; };
		7FEDB5DA1D2CD5D00039544E /* WatsonMobileUI-Bridging-Header.h */ = {isa = PBXFileReference; lastKnownFileType = sourcecode.c.h; path = "WatsonMobileUI-Bridging-Header.h"; sourceTree = "<group>"; };
		7FEDB7921D2CEC2D0039544E /* EZAudio.h */ = {isa = PBXFileReference; fileEncoding = 4; lastKnownFileType = sourcecode.c.h; path = EZAudio.h; sourceTree = "<group>"; };
		7FEDB7931D2CEC2D0039544E /* EZAudio.m */ = {isa = PBXFileReference; fileEncoding = 4; lastKnownFileType = sourcecode.c.objc; path = EZAudio.m; sourceTree = "<group>"; };
		7FEDB7941D2CEC2D0039544E /* EZAudioDevice.h */ = {isa = PBXFileReference; fileEncoding = 4; lastKnownFileType = sourcecode.c.h; path = EZAudioDevice.h; sourceTree = "<group>"; };
		7FEDB7951D2CEC2D0039544E /* EZAudioDevice.m */ = {isa = PBXFileReference; fileEncoding = 4; lastKnownFileType = sourcecode.c.objc; path = EZAudioDevice.m; sourceTree = "<group>"; };
		7FEDB7961D2CEC2D0039544E /* EZAudioDisplayLink.h */ = {isa = PBXFileReference; fileEncoding = 4; lastKnownFileType = sourcecode.c.h; path = EZAudioDisplayLink.h; sourceTree = "<group>"; };
		7FEDB7971D2CEC2D0039544E /* EZAudioDisplayLink.m */ = {isa = PBXFileReference; fileEncoding = 4; lastKnownFileType = sourcecode.c.objc; path = EZAudioDisplayLink.m; sourceTree = "<group>"; };
		7FEDB7981D2CEC2D0039544E /* EZAudioFFT.h */ = {isa = PBXFileReference; fileEncoding = 4; lastKnownFileType = sourcecode.c.h; path = EZAudioFFT.h; sourceTree = "<group>"; };
		7FEDB7991D2CEC2D0039544E /* EZAudioFFT.m */ = {isa = PBXFileReference; fileEncoding = 4; lastKnownFileType = sourcecode.c.objc; path = EZAudioFFT.m; sourceTree = "<group>"; };
		7FEDB79A1D2CEC2D0039544E /* EZAudioFile.h */ = {isa = PBXFileReference; fileEncoding = 4; lastKnownFileType = sourcecode.c.h; path = EZAudioFile.h; sourceTree = "<group>"; };
		7FEDB79B1D2CEC2D0039544E /* EZAudioFile.m */ = {isa = PBXFileReference; fileEncoding = 4; lastKnownFileType = sourcecode.c.objc; path = EZAudioFile.m; sourceTree = "<group>"; };
		7FEDB79C1D2CEC2D0039544E /* EZAudioFloatConverter.h */ = {isa = PBXFileReference; fileEncoding = 4; lastKnownFileType = sourcecode.c.h; path = EZAudioFloatConverter.h; sourceTree = "<group>"; };
		7FEDB79D1D2CEC2D0039544E /* EZAudioFloatConverter.m */ = {isa = PBXFileReference; fileEncoding = 4; lastKnownFileType = sourcecode.c.objc; path = EZAudioFloatConverter.m; sourceTree = "<group>"; };
		7FEDB79E1D2CEC2D0039544E /* EZAudioFloatData.h */ = {isa = PBXFileReference; fileEncoding = 4; lastKnownFileType = sourcecode.c.h; path = EZAudioFloatData.h; sourceTree = "<group>"; };
		7FEDB79F1D2CEC2D0039544E /* EZAudioFloatData.m */ = {isa = PBXFileReference; fileEncoding = 4; lastKnownFileType = sourcecode.c.objc; path = EZAudioFloatData.m; sourceTree = "<group>"; };
		7FEDB7A01D2CEC2D0039544E /* EZAudioiOS.h */ = {isa = PBXFileReference; fileEncoding = 4; lastKnownFileType = sourcecode.c.h; path = EZAudioiOS.h; sourceTree = "<group>"; };
		7FEDB7A11D2CEC2D0039544E /* EZAudioOSX.h */ = {isa = PBXFileReference; fileEncoding = 4; lastKnownFileType = sourcecode.c.h; path = EZAudioOSX.h; sourceTree = "<group>"; };
		7FEDB7A21D2CEC2D0039544E /* EZAudioPlayer.h */ = {isa = PBXFileReference; fileEncoding = 4; lastKnownFileType = sourcecode.c.h; path = EZAudioPlayer.h; sourceTree = "<group>"; };
		7FEDB7A31D2CEC2D0039544E /* EZAudioPlayer.m */ = {isa = PBXFileReference; fileEncoding = 4; lastKnownFileType = sourcecode.c.objc; path = EZAudioPlayer.m; sourceTree = "<group>"; };
		7FEDB7A41D2CEC2D0039544E /* EZAudioPlot.h */ = {isa = PBXFileReference; fileEncoding = 4; lastKnownFileType = sourcecode.c.h; path = EZAudioPlot.h; sourceTree = "<group>"; };
		7FEDB7A51D2CEC2D0039544E /* EZAudioPlot.m */ = {isa = PBXFileReference; fileEncoding = 4; lastKnownFileType = sourcecode.c.objc; path = EZAudioPlot.m; sourceTree = "<group>"; };
		7FEDB7A61D2CEC2D0039544E /* EZAudioPlotGL.h */ = {isa = PBXFileReference; fileEncoding = 4; lastKnownFileType = sourcecode.c.h; path = EZAudioPlotGL.h; sourceTree = "<group>"; };
		7FEDB7A71D2CEC2D0039544E /* EZAudioPlotGL.m */ = {isa = PBXFileReference; fileEncoding = 4; lastKnownFileType = sourcecode.c.objc; path = EZAudioPlotGL.m; sourceTree = "<group>"; };
		7FEDB7A81D2CEC2D0039544E /* EZAudioUtilities.h */ = {isa = PBXFileReference; fileEncoding = 4; lastKnownFileType = sourcecode.c.h; path = EZAudioUtilities.h; sourceTree = "<group>"; };
		7FEDB7A91D2CEC2D0039544E /* EZAudioUtilities.m */ = {isa = PBXFileReference; fileEncoding = 4; lastKnownFileType = sourcecode.c.objc; path = EZAudioUtilities.m; sourceTree = "<group>"; };
		7FEDB7AA1D2CEC2D0039544E /* EZMicrophone.h */ = {isa = PBXFileReference; fileEncoding = 4; lastKnownFileType = sourcecode.c.h; path = EZMicrophone.h; sourceTree = "<group>"; };
		7FEDB7AB1D2CEC2D0039544E /* EZMicrophone.m */ = {isa = PBXFileReference; fileEncoding = 4; lastKnownFileType = sourcecode.c.objc; path = EZMicrophone.m; sourceTree = "<group>"; };
		7FEDB7AC1D2CEC2D0039544E /* EZOutput.h */ = {isa = PBXFileReference; fileEncoding = 4; lastKnownFileType = sourcecode.c.h; path = EZOutput.h; sourceTree = "<group>"; };
		7FEDB7AD1D2CEC2D0039544E /* EZOutput.m */ = {isa = PBXFileReference; fileEncoding = 4; lastKnownFileType = sourcecode.c.objc; path = EZOutput.m; sourceTree = "<group>"; };
		7FEDB7AE1D2CEC2D0039544E /* EZPlot.h */ = {isa = PBXFileReference; fileEncoding = 4; lastKnownFileType = sourcecode.c.h; path = EZPlot.h; sourceTree = "<group>"; };
		7FEDB7AF1D2CEC2D0039544E /* EZPlot.m */ = {isa = PBXFileReference; fileEncoding = 4; lastKnownFileType = sourcecode.c.objc; path = EZPlot.m; sourceTree = "<group>"; };
		7FEDB7B01D2CEC2D0039544E /* EZRecorder.h */ = {isa = PBXFileReference; fileEncoding = 4; lastKnownFileType = sourcecode.c.h; path = EZRecorder.h; sourceTree = "<group>"; };
		7FEDB7B11D2CEC2D0039544E /* EZRecorder.m */ = {isa = PBXFileReference; fileEncoding = 4; lastKnownFileType = sourcecode.c.objc; path = EZRecorder.m; sourceTree = "<group>"; };
		7FEDB7B31D2CEC2D0039544E /* TPCircularBuffer.c */ = {isa = PBXFileReference; fileEncoding = 4; lastKnownFileType = sourcecode.c.c; path = TPCircularBuffer.c; sourceTree = "<group>"; };
		7FEDB7B41D2CEC2D0039544E /* TPCircularBuffer.h */ = {isa = PBXFileReference; fileEncoding = 4; lastKnownFileType = sourcecode.c.h; path = TPCircularBuffer.h; sourceTree = "<group>"; };
/* End PBXFileReference section */

/* Begin PBXFrameworksBuildPhase section */
		5A35D46E1C47B25600200076 /* Frameworks */ = {
			isa = PBXFrameworksBuildPhase;
			buildActionMask = 2147483647;
			files = (
			);
			runOnlyForDeploymentPostprocessing = 0;
		};
		5A35D4821C47B25600200076 /* Frameworks */ = {
			isa = PBXFrameworksBuildPhase;
			buildActionMask = 2147483647;
			files = (
			);
			runOnlyForDeploymentPostprocessing = 0;
		};
		5A35D48D1C47B25600200076 /* Frameworks */ = {
			isa = PBXFrameworksBuildPhase;
			buildActionMask = 2147483647;
			files = (
			);
			runOnlyForDeploymentPostprocessing = 0;
		};
/* End PBXFrameworksBuildPhase section */

/* Begin PBXGroup section */
		5A35D4681C47B25600200076 = {
			isa = PBXGroup;
			children = (
				5A35D4731C47B25600200076 /* WatsonMobileUI */,
				5A35D4721C47B25600200076 /* Products */,
			);
			sourceTree = "<group>";
		};
		5A35D4721C47B25600200076 /* Products */ = {
			isa = PBXGroup;
			children = (
				5A35D4711C47B25600200076 /* WatsonMobileUI.app */,
				5A35D4851C47B25600200076 /* WatsonMobileUI.xctest */,
				5A35D4901C47B25600200076 /* WatsonMobileUI.xctest */,
			);
			name = Products;
			sourceTree = "<group>";
		};
		5A35D4731C47B25600200076 /* WatsonMobileUI */ = {
			isa = PBXGroup;
			children = (
				5A35D4B61C47B2BD00200076 /* model */,
				5A35D4B11C47B29400200076 /* view */,
				5A35D4A21C47B27400200076 /* images */,
				5A35D4741C47B25600200076 /* AppDelegate.swift */,
				5A35D4761C47B25600200076 /* ViewController.swift */,
				7F4CD8361D28EF56009A8E02 /* coverage.png */,
				5A35D4781C47B25600200076 /* Main.storyboard */,
				5A35D47B1C47B25600200076 /* Assets.xcassets */,
				5A35D47D1C47B25600200076 /* LaunchScreen.storyboard */,
				5A35D4801C47B25600200076 /* Info.plist */,
				7F3086C71D27E8A700BB67DA /* SwiftNotice.swift */,
				7FEDB5DA1D2CD5D00039544E /* WatsonMobileUI-Bridging-Header.h */,
				7FEDB7911D2CEC2D0039544E /* EZAudio */,
			);
			path = WatsonMobileUI;
			sourceTree = "<group>";
		};
		5A35D4A21C47B27400200076 /* images */ = {
			isa = PBXGroup;
			children = (
				7F4007001D266331001C95DC /* message_left.png */,
				7F87E0231D23BFDF00164F01 /* add1.png */,
				5A35D4A31C47B27400200076 /* luguhu.jpeg */,
				7F2DCC8B1D26BAE200CD99EE /* add3.png */,
				7F72267F1D2B980F007CDD2C /* pictures.png */,
				7F7226811D2B98D1007CDD2C /* photo189.png */,
				7F72267D1D2B969D007CDD2C /* edit.png */,
				7F5F7C7F1D2DF4B6005FE5E8 /* add.png */,
				7F3086C31D27BDC500BB67DA /* b5.png */,
				7F72266D1D2B858A007CDD2C /* watson9.jpg */,
				7FD9CDF61D2A9AAF006D3CD2 /* watsonlogo.jpeg */,
				7F7226631D2B4AA2007CDD2C /* watson3.jpg */,
				7F7226651D2B5988007CDD2C /* Watson4.jpg */,
				7FD9CDF81D2AA740006D3CD2 /* watson1.jpg */,
				5A35D4A41C47B27400200076 /* mebubble.png */,
				7F3086BD1D2747CB00BB67DA /* keyboard2.png */,
				7F72266B1D2B82B6007CDD2C /* watson8.png */,
				7F4CD83C1D294745009A8E02 /* gallery1.png */,
				7F4CD83D1D294745009A8E02 /* gallery.png */,
				7F4CD83E1D294745009A8E02 /* camera1.png */,
				7F4CD8441D294B88009A8E02 /* camera3.png */,
				7F4CD83F1D294745009A8E02 /* camera.png */,
				7F4CD8381D29453D009A8E02 /* red.png */,
				7F4CD83A1D294545009A8E02 /* yellow.png */,
				7F3086C51D27BE8D00BB67DA /* bb2.png */,
				7F3086B51D273C0700BB67DA /* rainbow.png */,
				7F7226671D2B5BC2007CDD2C /* watson5.jpg */,
				7F72266F1D2B879D007CDD2C /* watson10.jpg */,
				7F7226701D2B879D007CDD2C /* watson11.png */,
				7F4CD8461D294E25009A8E02 /* green.png */,
				7F7226691D2B7BCE007CDD2C /* watson7.jpg */,
				7F2DCC8D1D26BC1300CD99EE /* mirco2.png */,
				7F3086BF1D274A3300BB67DA /* cross24.png */,
				7F7226771D2B8E46007CDD2C /* micro20.png */,
				7F7226791D2B8E7E007CDD2C /* micro21.png */,
				7F3086BB1D27473600BB67DA /* micro6.png */,
				7F2DCC8F1D26BF5E00CD99EE /* mirco4.png */,
				5A35D4A51C47B27400200076 /* mebubble@2x.png */,
				5A35D4A61C47B27400200076 /* xiaohua.png */,
				7F3086C11D274A5F00BB67DA /* microp7.png */,
				7F7226731D2B884D007CDD2C /* more16.png */,
				7F2DCC851D26B92B00CD99EE /* add2.png */,
				7F3086B91D27460E00BB67DA /* keyword.png */,
				7F3086B71D273DC400BB67DA /* femail.png */,
				7F72267B1D2B8F06007CDD2C /* text129.png */,
				7F4007021D26633F001C95DC /* message_right.png */,
				5A35D4A71C47B27400200076 /* xiaoming.png */,
				7F87E0271D23DCED00164F01 /* earth.png */,
				7F7226751D2B8920007CDD2C /* wifi75.png */,
				7F2DCC911D26C4B400CD99EE /* miro5.png */,
				7F87E0251D23C30600164F01 /* mirco.png */,
				5A35D4A81C47B27400200076 /* yoububble.png */,
				5A35D4A91C47B27400200076 /* yoububble@2x.png */,
			);
			path = images;
			sourceTree = "<group>";
		};
		5A35D4B11C47B29400200076 /* view */ = {
			isa = PBXGroup;
			children = (
				5A35D4B21C47B29400200076 /* TableView.swift */,
				5A35D4BB1C47B2F000200076 /* TableHeaderViewCell.swift */,
				5A35D4B31C47B29400200076 /* TableViewCell.swift */,
				7FEDB5B71D2C9C100039544E /* TableViewGoodsCell.swift */,
			);
			path = view;
			sourceTree = "<group>";
		};
		5A35D4B61C47B2BD00200076 /* model */ = {
			isa = PBXGroup;
			children = (
				5A35D4BD1C47B30100200076 /* UserInfo.swift */,
				5A35D4B71C47B2BD00200076 /* ChatDataSource.swift */,
				5A35D4B81C47B2BD00200076 /* MessageItem.swift */,
			);
			path = model;
			sourceTree = "<group>";
		};
		7FEDB7911D2CEC2D0039544E /* EZAudio */ = {
			isa = PBXGroup;
			children = (
				7FEDB7921D2CEC2D0039544E /* EZAudio.h */,
				7FEDB7931D2CEC2D0039544E /* EZAudio.m */,
				7FEDB7941D2CEC2D0039544E /* EZAudioDevice.h */,
				7FEDB7951D2CEC2D0039544E /* EZAudioDevice.m */,
				7FEDB7961D2CEC2D0039544E /* EZAudioDisplayLink.h */,
				7FEDB7971D2CEC2D0039544E /* EZAudioDisplayLink.m */,
				7FEDB7981D2CEC2D0039544E /* EZAudioFFT.h */,
				7FEDB7991D2CEC2D0039544E /* EZAudioFFT.m */,
				7FEDB79A1D2CEC2D0039544E /* EZAudioFile.h */,
				7FEDB79B1D2CEC2D0039544E /* EZAudioFile.m */,
				7FEDB79C1D2CEC2D0039544E /* EZAudioFloatConverter.h */,
				7FEDB79D1D2CEC2D0039544E /* EZAudioFloatConverter.m */,
				7FEDB79E1D2CEC2D0039544E /* EZAudioFloatData.h */,
				7FEDB79F1D2CEC2D0039544E /* EZAudioFloatData.m */,
				7FEDB7A01D2CEC2D0039544E /* EZAudioiOS.h */,
				7FEDB7A11D2CEC2D0039544E /* EZAudioOSX.h */,
				7FEDB7A21D2CEC2D0039544E /* EZAudioPlayer.h */,
				7FEDB7A31D2CEC2D0039544E /* EZAudioPlayer.m */,
				7FEDB7A41D2CEC2D0039544E /* EZAudioPlot.h */,
				7FEDB7A51D2CEC2D0039544E /* EZAudioPlot.m */,
				7FEDB7A61D2CEC2D0039544E /* EZAudioPlotGL.h */,
				7FEDB7A71D2CEC2D0039544E /* EZAudioPlotGL.m */,
				7FEDB7A81D2CEC2D0039544E /* EZAudioUtilities.h */,
				7FEDB7A91D2CEC2D0039544E /* EZAudioUtilities.m */,
				7FEDB7AA1D2CEC2D0039544E /* EZMicrophone.h */,
				7FEDB7AB1D2CEC2D0039544E /* EZMicrophone.m */,
				7FEDB7AC1D2CEC2D0039544E /* EZOutput.h */,
				7FEDB7AD1D2CEC2D0039544E /* EZOutput.m */,
				7FEDB7AE1D2CEC2D0039544E /* EZPlot.h */,
				7FEDB7AF1D2CEC2D0039544E /* EZPlot.m */,
				7FEDB7B01D2CEC2D0039544E /* EZRecorder.h */,
				7FEDB7B11D2CEC2D0039544E /* EZRecorder.m */,
				7FEDB7B31D2CEC2D0039544E /* TPCircularBuffer.c */,
				7FEDB7B41D2CEC2D0039544E /* TPCircularBuffer.h */,
			);
			path = EZAudio;
			sourceTree = "<group>";
		};
/* End PBXGroup section */

/* Begin PBXNativeTarget section */
		5A35D4701C47B25600200076 /* WatsonMobileUI */ = {
			isa = PBXNativeTarget;
			buildConfigurationList = 5A35D4991C47B25600200076 /* Build configuration list for PBXNativeTarget "WatsonMobileUI" */;
			buildPhases = (
				5A35D46D1C47B25600200076 /* Sources */,
				5A35D46E1C47B25600200076 /* Frameworks */,
				5A35D46F1C47B25600200076 /* Resources */,
			);
			buildRules = (
			);
			dependencies = (
			);
			name = WatsonMobileUI;
			productName = hangge_559_2;
			productReference = 5A35D4711C47B25600200076 /* WatsonMobileUI.app */;
			productType = "com.apple.product-type.application";
		};
		5A35D4841C47B25600200076 /* WatsonMobileUITests */ = {
			isa = PBXNativeTarget;
			buildConfigurationList = 5A35D49C1C47B25700200076 /* Build configuration list for PBXNativeTarget "WatsonMobileUITests" */;
			buildPhases = (
				5A35D4811C47B25600200076 /* Sources */,
				5A35D4821C47B25600200076 /* Frameworks */,
				5A35D4831C47B25600200076 /* Resources */,
			);
			buildRules = (
			);
			dependencies = (
				5A35D4871C47B25600200076 /* PBXTargetDependency */,
			);
			name = WatsonMobileUITests;
			productName = hangge_559_2Tests;
			productReference = 5A35D4851C47B25600200076 /* WatsonMobileUI.xctest */;
			productType = "com.apple.product-type.bundle.unit-test";
		};
		5A35D48F1C47B25600200076 /* WatsonMobileUIUITests */ = {
			isa = PBXNativeTarget;
			buildConfigurationList = 5A35D49F1C47B25700200076 /* Build configuration list for PBXNativeTarget "WatsonMobileUIUITests" */;
			buildPhases = (
				5A35D48C1C47B25600200076 /* Sources */,
				5A35D48D1C47B25600200076 /* Frameworks */,
				5A35D48E1C47B25600200076 /* Resources */,
			);
			buildRules = (
			);
			dependencies = (
				5A35D4921C47B25600200076 /* PBXTargetDependency */,
			);
			name = WatsonMobileUIUITests;
			productName = hangge_559_2UITests;
			productReference = 5A35D4901C47B25600200076 /* WatsonMobileUI.xctest */;
			productType = "com.apple.product-type.bundle.ui-testing";
		};
/* End PBXNativeTarget section */

/* Begin PBXProject section */
		5A35D4691C47B25600200076 /* Project object */ = {
			isa = PBXProject;
			attributes = {
				LastSwiftUpdateCheck = 0730;
				LastUpgradeCheck = 0720;
				ORGANIZATIONNAME = hangge.com;
				TargetAttributes = {
					5A35D4701C47B25600200076 = {
						CreatedOnToolsVersion = 7.2;
						DevelopmentTeam = C5SR8TD32J;
					};
					5A35D4841C47B25600200076 = {
						CreatedOnToolsVersion = 7.2;
						DevelopmentTeam = YTKU6P6A26;
						TestTargetID = 5A35D4701C47B25600200076;
					};
					5A35D48F1C47B25600200076 = {
						CreatedOnToolsVersion = 7.2;
						DevelopmentTeam = YTKU6P6A26;
						TestTargetID = 5A35D4701C47B25600200076;
					};
				};
			};
			buildConfigurationList = 5A35D46C1C47B25600200076 /* Build configuration list for PBXProject "WatsonMobileUI" */;
			compatibilityVersion = "Xcode 3.2";
			developmentRegion = English;
			hasScannedForEncodings = 0;
			knownRegions = (
				en,
				Base,
			);
			mainGroup = 5A35D4681C47B25600200076;
			productRefGroup = 5A35D4721C47B25600200076 /* Products */;
			projectDirPath = "";
			projectRoot = "";
			targets = (
				5A35D4701C47B25600200076 /* WatsonMobileUI */,
				5A35D4841C47B25600200076 /* WatsonMobileUITests */,
				5A35D48F1C47B25600200076 /* WatsonMobileUIUITests */,
			);
		};
/* End PBXProject section */

/* Begin PBXResourcesBuildPhase section */
		5A35D46F1C47B25600200076 /* Resources */ = {
			isa = PBXResourcesBuildPhase;
			buildActionMask = 2147483647;
			files = (
				7F3086C41D27BDC500BB67DA /* b5.png in Resources */,
				7F4007011D266331001C95DC /* message_left.png in Resources */,
				5A35D4AF1C47B27400200076 /* yoububble.png in Resources */,
				5A35D47F1C47B25600200076 /* LaunchScreen.storyboard in Resources */,
				5A35D4AA1C47B27400200076 /* luguhu.jpeg in Resources */,
				5A35D4AC1C47B27400200076 /* mebubble@2x.png in Resources */,
				7F4CD8391D29453D009A8E02 /* red.png in Resources */,
				7F3086BC1D27473600BB67DA /* micro6.png in Resources */,
				5A35D4AE1C47B27400200076 /* xiaoming.png in Resources */,
				7F4CD8401D294745009A8E02 /* gallery1.png in Resources */,
				7F3086C21D274A5F00BB67DA /* microp7.png in Resources */,
				7F72266C1D2B82B6007CDD2C /* watson8.png in Resources */,
				7F3086BA1D27460E00BB67DA /* keyword.png in Resources */,
				7F2DCC861D26B92B00CD99EE /* add2.png in Resources */,
				7FD9CDF71D2A9AAF006D3CD2 /* watsonlogo.jpeg in Resources */,
				7F7226661D2B5988007CDD2C /* Watson4.jpg in Resources */,
				7F4CD8421D294745009A8E02 /* camera1.png in Resources */,
				7F87E0261D23C30600164F01 /* mirco.png in Resources */,
				7F7226711D2B879D007CDD2C /* watson10.jpg in Resources */,
				7F72266A1D2B7BCE007CDD2C /* watson7.jpg in Resources */,
				7F3086BE1D2747CB00BB67DA /* keyboard2.png in Resources */,
				7F87E0281D23DCED00164F01 /* earth.png in Resources */,
				7F87E0241D23BFDF00164F01 /* add1.png in Resources */,
				7F3086B61D273C0700BB67DA /* rainbow.png in Resources */,
				7F4CD8471D294E25009A8E02 /* green.png in Resources */,
				7F3086C01D274A3300BB67DA /* cross24.png in Resources */,
				7F4CD8451D294B88009A8E02 /* camera3.png in Resources */,
				7F72267C1D2B8F06007CDD2C /* text129.png in Resources */,
				7FD9CDF91D2AA740006D3CD2 /* watson1.jpg in Resources */,
				7F72267E1D2B969D007CDD2C /* edit.png in Resources */,
				5A35D4AB1C47B27400200076 /* mebubble.png in Resources */,
				7F7226721D2B879D007CDD2C /* watson11.png in Resources */,
				7F4CD8411D294745009A8E02 /* gallery.png in Resources */,
				7F4CD8431D294745009A8E02 /* camera.png in Resources */,
				7F2DCC8E1D26BC1300CD99EE /* mirco2.png in Resources */,
				7F7226821D2B98D1007CDD2C /* photo189.png in Resources */,
				7F2DCC921D26C4B400CD99EE /* miro5.png in Resources */,
				7F7226781D2B8E46007CDD2C /* micro20.png in Resources */,
				7F72267A1D2B8E7E007CDD2C /* micro21.png in Resources */,
				5A35D47C1C47B25600200076 /* Assets.xcassets in Resources */,
				7F4007031D26633F001C95DC /* message_right.png in Resources */,
				5A35D4AD1C47B27400200076 /* xiaohua.png in Resources */,
				5A35D4B01C47B27400200076 /* yoububble@2x.png in Resources */,
				7F7226761D2B8920007CDD2C /* wifi75.png in Resources */,
				7F7226741D2B884D007CDD2C /* more16.png in Resources */,
				7F7226801D2B980F007CDD2C /* pictures.png in Resources */,
				7F4CD83B1D294545009A8E02 /* yellow.png in Resources */,
				7F2DCC8C1D26BAE200CD99EE /* add3.png in Resources */,
				7F5F7C801D2DF4B6005FE5E8 /* add.png in Resources */,
				7F4CD8371D28EF56009A8E02 /* coverage.png in Resources */,
				7F7226681D2B5BC2007CDD2C /* watson5.jpg in Resources */,
				7F7226641D2B4AA2007CDD2C /* watson3.jpg in Resources */,
				7F3086B81D273DC400BB67DA /* femail.png in Resources */,
				5A35D47A1C47B25600200076 /* Main.storyboard in Resources */,
				7F2DCC901D26BF5E00CD99EE /* mirco4.png in Resources */,
				7F3086C61D27BE8D00BB67DA /* bb2.png in Resources */,
				7F72266E1D2B858A007CDD2C /* watson9.jpg in Resources */,
			);
			runOnlyForDeploymentPostprocessing = 0;
		};
		5A35D4831C47B25600200076 /* Resources */ = {
			isa = PBXResourcesBuildPhase;
			buildActionMask = 2147483647;
			files = (
			);
			runOnlyForDeploymentPostprocessing = 0;
		};
		5A35D48E1C47B25600200076 /* Resources */ = {
			isa = PBXResourcesBuildPhase;
			buildActionMask = 2147483647;
			files = (
			);
			runOnlyForDeploymentPostprocessing = 0;
		};
/* End PBXResourcesBuildPhase section */

/* Begin PBXSourcesBuildPhase section */
		5A35D46D1C47B25600200076 /* Sources */ = {
			isa = PBXSourcesBuildPhase;
			buildActionMask = 2147483647;
			files = (
				5A35D4771C47B25600200076 /* ViewController.swift in Sources */,
				7FEDB7BA1D2CEC2D0039544E /* EZAudioFloatConverter.m in Sources */,
				7FEDB7BB1D2CEC2D0039544E /* EZAudioFloatData.m in Sources */,
				5A35D4B51C47B29400200076 /* TableViewCell.swift in Sources */,
				5A35D4BA1C47B2BD00200076 /* MessageItem.swift in Sources */,
				7FEDB7BE1D2CEC2D0039544E /* EZAudioPlotGL.m in Sources */,
				7FEDB7C31D2CEC2D0039544E /* EZRecorder.m in Sources */,
				7FEDB7C11D2CEC2D0039544E /* EZOutput.m in Sources */,
				7FEDB7B61D2CEC2D0039544E /* EZAudioDevice.m in Sources */,
				5A35D4B41C47B29400200076 /* TableView.swift in Sources */,
				7FEDB7C21D2CEC2D0039544E /* EZPlot.m in Sources */,
				7FEDB7B71D2CEC2D0039544E /* EZAudioDisplayLink.m in Sources */,
				7FEDB5B81D2C9C100039544E /* TableViewGoodsCell.swift in Sources */,
				7FEDB7C01D2CEC2D0039544E /* EZMicrophone.m in Sources */,
				5A35D4BE1C47B30100200076 /* UserInfo.swift in Sources */,
				7FEDB7BD1D2CEC2D0039544E /* EZAudioPlot.m in Sources */,
				5A35D4751C47B25600200076 /* AppDelegate.swift in Sources */,
				7FEDB7B51D2CEC2D0039544E /* EZAudio.m in Sources */,
				7F3086C81D27E8A700BB67DA /* SwiftNotice.swift in Sources */,
				5A35D4BC1C47B2F000200076 /* TableHeaderViewCell.swift in Sources */,
				7FEDB7C51D2CEC2D0039544E /* TPCircularBuffer.c in Sources */,
				7FEDB7BC1D2CEC2D0039544E /* EZAudioPlayer.m in Sources */,
				7FEDB7B91D2CEC2D0039544E /* EZAudioFile.m in Sources */,
				7FEDB7B81D2CEC2D0039544E /* EZAudioFFT.m in Sources */,
				7FEDB7BF1D2CEC2D0039544E /* EZAudioUtilities.m in Sources */,
				5A35D4B91C47B2BD00200076 /* ChatDataSource.swift in Sources */,
			);
			runOnlyForDeploymentPostprocessing = 0;
		};
		5A35D4811C47B25600200076 /* Sources */ = {
			isa = PBXSourcesBuildPhase;
			buildActionMask = 2147483647;
			files = (
			);
			runOnlyForDeploymentPostprocessing = 0;
		};
		5A35D48C1C47B25600200076 /* Sources */ = {
			isa = PBXSourcesBuildPhase;
			buildActionMask = 2147483647;
			files = (
			);
			runOnlyForDeploymentPostprocessing = 0;
		};
/* End PBXSourcesBuildPhase section */

/* Begin PBXTargetDependency section */
		5A35D4871C47B25600200076 /* PBXTargetDependency */ = {
			isa = PBXTargetDependency;
			target = 5A35D4701C47B25600200076 /* WatsonMobileUI */;
			targetProxy = 5A35D4861C47B25600200076 /* PBXContainerItemProxy */;
		};
		5A35D4921C47B25600200076 /* PBXTargetDependency */ = {
			isa = PBXTargetDependency;
			target = 5A35D4701C47B25600200076 /* WatsonMobileUI */;
			targetProxy = 5A35D4911C47B25600200076 /* PBXContainerItemProxy */;
		};
/* End PBXTargetDependency section */

/* Begin PBXVariantGroup section */
		5A35D4781C47B25600200076 /* Main.storyboard */ = {
			isa = PBXVariantGroup;
			children = (
				5A35D4791C47B25600200076 /* Base */,
			);
			name = Main.storyboard;
			sourceTree = "<group>";
		};
		5A35D47D1C47B25600200076 /* LaunchScreen.storyboard */ = {
			isa = PBXVariantGroup;
			children = (
				5A35D47E1C47B25600200076 /* Base */,
			);
			name = LaunchScreen.storyboard;
			sourceTree = "<group>";
		};
/* End PBXVariantGroup section */

/* Begin XCBuildConfiguration section */
		5A35D4971C47B25600200076 /* Debug */ = {
			isa = XCBuildConfiguration;
			buildSettings = {
				ALWAYS_SEARCH_USER_PATHS = NO;
				CLANG_CXX_LANGUAGE_STANDARD = "gnu++0x";
				CLANG_CXX_LIBRARY = "libc++";
				CLANG_ENABLE_MODULES = YES;
				CLANG_ENABLE_OBJC_ARC = YES;
				CLANG_WARN_BOOL_CONVERSION = YES;
				CLANG_WARN_CONSTANT_CONVERSION = YES;
				CLANG_WARN_DIRECT_OBJC_ISA_USAGE = YES_ERROR;
				CLANG_WARN_EMPTY_BODY = YES;
				CLANG_WARN_ENUM_CONVERSION = YES;
				CLANG_WARN_INT_CONVERSION = YES;
				CLANG_WARN_OBJC_ROOT_CLASS = YES_ERROR;
				CLANG_WARN_UNREACHABLE_CODE = YES;
				CLANG_WARN__DUPLICATE_METHOD_MATCH = YES;
				"CODE_SIGN_IDENTITY[sdk=iphoneos*]" = "iPhone Developer";
				COPY_PHASE_STRIP = NO;
				DEBUG_INFORMATION_FORMAT = dwarf;
				ENABLE_STRICT_OBJC_MSGSEND = YES;
				ENABLE_TESTABILITY = YES;
				GCC_C_LANGUAGE_STANDARD = gnu99;
				GCC_DYNAMIC_NO_PIC = NO;
				GCC_NO_COMMON_BLOCKS = YES;
				GCC_OPTIMIZATION_LEVEL = 0;
				GCC_PREPROCESSOR_DEFINITIONS = (
					"DEBUG=1",
					"$(inherited)",
				);
				GCC_WARN_64_TO_32_BIT_CONVERSION = YES;
				GCC_WARN_ABOUT_RETURN_TYPE = YES_ERROR;
				GCC_WARN_UNDECLARED_SELECTOR = YES;
				GCC_WARN_UNINITIALIZED_AUTOS = YES_AGGRESSIVE;
				GCC_WARN_UNUSED_FUNCTION = YES;
				GCC_WARN_UNUSED_VARIABLE = YES;
				IPHONEOS_DEPLOYMENT_TARGET = 9.2;
				MTL_ENABLE_DEBUG_INFO = YES;
				ONLY_ACTIVE_ARCH = YES;
				SDKROOT = iphoneos;
				SWIFT_OPTIMIZATION_LEVEL = "-Onone";
				TARGETED_DEVICE_FAMILY = "1,2";
			};
			name = Debug;
		};
		5A35D4981C47B25600200076 /* Release */ = {
			isa = XCBuildConfiguration;
			buildSettings = {
				ALWAYS_SEARCH_USER_PATHS = NO;
				CLANG_CXX_LANGUAGE_STANDARD = "gnu++0x";
				CLANG_CXX_LIBRARY = "libc++";
				CLANG_ENABLE_MODULES = YES;
				CLANG_ENABLE_OBJC_ARC = YES;
				CLANG_WARN_BOOL_CONVERSION = YES;
				CLANG_WARN_CONSTANT_CONVERSION = YES;
				CLANG_WARN_DIRECT_OBJC_ISA_USAGE = YES_ERROR;
				CLANG_WARN_EMPTY_BODY = YES;
				CLANG_WARN_ENUM_CONVERSION = YES;
				CLANG_WARN_INT_CONVERSION = YES;
				CLANG_WARN_OBJC_ROOT_CLASS = YES_ERROR;
				CLANG_WARN_UNREACHABLE_CODE = YES;
				CLANG_WARN__DUPLICATE_METHOD_MATCH = YES;
				"CODE_SIGN_IDENTITY[sdk=iphoneos*]" = "iPhone Developer";
				COPY_PHASE_STRIP = NO;
				DEBUG_INFORMATION_FORMAT = "dwarf-with-dsym";
				ENABLE_NS_ASSERTIONS = NO;
				ENABLE_STRICT_OBJC_MSGSEND = YES;
				GCC_C_LANGUAGE_STANDARD = gnu99;
				GCC_NO_COMMON_BLOCKS = YES;
				GCC_WARN_64_TO_32_BIT_CONVERSION = YES;
				GCC_WARN_ABOUT_RETURN_TYPE = YES_ERROR;
				GCC_WARN_UNDECLARED_SELECTOR = YES;
				GCC_WARN_UNINITIALIZED_AUTOS = YES_AGGRESSIVE;
				GCC_WARN_UNUSED_FUNCTION = YES;
				GCC_WARN_UNUSED_VARIABLE = YES;
				IPHONEOS_DEPLOYMENT_TARGET = 9.2;
				MTL_ENABLE_DEBUG_INFO = NO;
				SDKROOT = iphoneos;
				TARGETED_DEVICE_FAMILY = "1,2";
				VALIDATE_PRODUCT = YES;
			};
			name = Release;
		};
		5A35D49A1C47B25700200076 /* Debug */ = {
			isa = XCBuildConfiguration;
			buildSettings = {
				ASSETCATALOG_COMPILER_APPICON_NAME = AppIcon;
				CLANG_ENABLE_MODULES = YES;
				CODE_SIGN_IDENTITY = "iPhone Developer";
				INFOPLIST_FILE = "$(SRCROOT)/WatsonMobileUI/Info.plist";
				IPHONEOS_DEPLOYMENT_TARGET = 8.3;
				LD_RUNPATH_SEARCH_PATHS = "$(inherited) @executable_path/Frameworks";
				PRODUCT_BUNDLE_IDENTIFIER = com.ibm.watson.demo2;
				PRODUCT_NAME = WatsonMobileUI;
				SWIFT_OBJC_BRIDGING_HEADER = "WatsonMobileUI/WatsonMobileUI-Bridging-Header.h";
				SWIFT_OPTIMIZATION_LEVEL = "-Onone";
				TARGETED_DEVICE_FAMILY = 1;
			};
			name = Debug;
		};
		5A35D49B1C47B25700200076 /* Release */ = {
			isa = XCBuildConfiguration;
			buildSettings = {
				ASSETCATALOG_COMPILER_APPICON_NAME = AppIcon;
				CLANG_ENABLE_MODULES = YES;
				CODE_SIGN_IDENTITY = "iPhone Developer";
				INFOPLIST_FILE = "$(SRCROOT)/WatsonMobileUI/Info.plist";
				IPHONEOS_DEPLOYMENT_TARGET = 8.3;
				LD_RUNPATH_SEARCH_PATHS = "$(inherited) @executable_path/Frameworks";
				PRODUCT_BUNDLE_IDENTIFIER = com.ibm.watson.demo2;
				PRODUCT_NAME = WatsonMobileUI;
				SWIFT_OBJC_BRIDGING_HEADER = "WatsonMobileUI/WatsonMobileUI-Bridging-Header.h";
				TARGETED_DEVICE_FAMILY = 1;
			};
			name = Release;
		};
		5A35D49D1C47B25700200076 /* Debug */ = {
			isa = XCBuildConfiguration;
			buildSettings = {
				BUNDLE_LOADER = "$(TEST_HOST)";
				INFOPLIST_FILE = hangge_559_2Tests/Info.plist;
				LD_RUNPATH_SEARCH_PATHS = "$(inherited) @executable_path/Frameworks @loader_path/Frameworks";
				PRODUCT_BUNDLE_IDENTIFIER = "com.hangge.hangge-559-2Tests";
				PRODUCT_NAME = WatsonMobileUI;
				TEST_HOST = "$(BUILT_PRODUCTS_DIR)/WatsonMobileUI.app/WatsonMobileUI";
			};
			name = Debug;
		};
		5A35D49E1C47B25700200076 /* Release */ = {
			isa = XCBuildConfiguration;
			buildSettings = {
				BUNDLE_LOADER = "$(TEST_HOST)";
				INFOPLIST_FILE = hangge_559_2Tests/Info.plist;
				LD_RUNPATH_SEARCH_PATHS = "$(inherited) @executable_path/Frameworks @loader_path/Frameworks";
				PRODUCT_BUNDLE_IDENTIFIER = "com.hangge.hangge-559-2Tests";
				PRODUCT_NAME = WatsonMobileUI;
				TEST_HOST = "$(BUILT_PRODUCTS_DIR)/WatsonMobileUI.app/WatsonMobileUI";
			};
			name = Release;
		};
		5A35D4A01C47B25700200076 /* Debug */ = {
			isa = XCBuildConfiguration;
			buildSettings = {
				INFOPLIST_FILE = hangge_559_2UITests/Info.plist;
				LD_RUNPATH_SEARCH_PATHS = "$(inherited) @executable_path/Frameworks @loader_path/Frameworks";
				PRODUCT_BUNDLE_IDENTIFIER = "com.hangge.hangge-559-2UITests";
				PRODUCT_NAME = WatsonMobileUI;
				TEST_TARGET_NAME = hangge_559_2;
				USES_XCTRUNNER = YES;
			};
			name = Debug;
		};
		5A35D4A11C47B25700200076 /* Release */ = {
			isa = XCBuildConfiguration;
			buildSettings = {
				INFOPLIST_FILE = hangge_559_2UITests/Info.plist;
				LD_RUNPATH_SEARCH_PATHS = "$(inherited) @executable_path/Frameworks @loader_path/Frameworks";
				PRODUCT_BUNDLE_IDENTIFIER = "com.hangge.hangge-559-2UITests";
				PRODUCT_NAME = WatsonMobileUI;
				TEST_TARGET_NAME = hangge_559_2;
				USES_XCTRUNNER = YES;
			};
			name = Release;
		};
/* End XCBuildConfiguration section */

/* Begin XCConfigurationList section */
		5A35D46C1C47B25600200076 /* Build configuration list for PBXProject "WatsonMobileUI" */ = {
			isa = XCConfigurationList;
			buildConfigurations = (
				5A35D4971C47B25600200076 /* Debug */,
				5A35D4981C47B25600200076 /* Release */,
			);
			defaultConfigurationIsVisible = 0;
			defaultConfigurationName = Release;
		};
		5A35D4991C47B25600200076 /* Build configuration list for PBXNativeTarget "WatsonMobileUI" */ = {
			isa = XCConfigurationList;
			buildConfigurations = (
				5A35D49A1C47B25700200076 /* Debug */,
				5A35D49B1C47B25700200076 /* Release */,
			);
			defaultConfigurationIsVisible = 0;
			defaultConfigurationName = Release;
		};
		5A35D49C1C47B25700200076 /* Build configuration list for PBXNativeTarget "WatsonMobileUITests" */ = {
			isa = XCConfigurationList;
			buildConfigurations = (
				5A35D49D1C47B25700200076 /* Debug */,
				5A35D49E1C47B25700200076 /* Release */,
			);
			defaultConfigurationIsVisible = 0;
			defaultConfigurationName = Release;
		};
		5A35D49F1C47B25700200076 /* Build configuration list for PBXNativeTarget "WatsonMobileUIUITests" */ = {
			isa = XCConfigurationList;
			buildConfigurations = (
				5A35D4A01C47B25700200076 /* Debug */,
				5A35D4A11C47B25700200076 /* Release */,
			);
			defaultConfigurationIsVisible = 0;
			defaultConfigurationName = Release;
		};
/* End XCConfigurationList section */
	};
	rootObject = 5A35D4691C47B25600200076 /* Project object */;
}
